
Microsoft Visual Studio Solution File, Format Version 12.00
# Visual Studio Version 16
VisualStudioVersion = 16.0.28803.202
MinimumVisualStudioVersion = 10.0.40219.1
Project("{00D1A9C2-B5F0-4AF3-8072-F6C62B433612}") = "Database", "Database\Database.sqlproj", "{99E1AFEB-B3A6-4CBE-A625-4CDBF3D053CA}"
EndProject
Global
	GlobalSection(SolutionConfigurationPlatforms) = preSolution
		Debug|Any CPU = Debug|Any CPU
		Release|Any CPU = Release|Any CPU
	EndGlobalSection
	GlobalSection(ProjectConfigurationPlatforms) = postSolution
		{99E1AFEB-B3A6-4CBE-A625-4CDBF3D053CA}.Debug|Any CPU.ActiveCfg = Debug|Any CPU
		{99E1AFEB-B3A6-4CBE-A625-4CDBF3D053CA}.Debug|Any CPU.Build.0 = Debug|Any CPU
		{99E1AFEB-B3A6-4CBE-A625-4CDBF3D053CA}.Debug|Any CPU.Deploy.0 = Debug|Any CPU
		{99E1AFEB-B3A6-4CBE-A625-4CDBF3D053CA}.Release|Any CPU.ActiveCfg = Release|Any CPU
		{99E1AFEB-B3A6-4CBE-A625-4CDBF3D053CA}.Release|Any CPU.Build.0 = Release|Any CPU
		{99E1AFEB-B3A6-4CBE-A625-4CDBF3D053CA}.Release|Any CPU.Deploy.0 = Release|Any CPU
	EndGlobalSection
	GlobalSection(SolutionProperties) = preSolution
		HideSolutionNode = FALSE
	EndGlobalSection
	GlobalSection(ExtensibilityGlobals) = postSolution
		SolutionGuid = {AA0FFE58-59D3-4951-83D8-615D86B7051A}
	EndGlobalSection
EndGlobal
